
Microsoft Visual Studio Solution File, Format Version 12.00
# Visual Studio 2013
VisualStudioVersion = 12.0.21005.1
MinimumVisualStudioVersion = 10.0.40219.1
Project("{8BC9CEB8-8B4A-11D0-8D11-00A0C91BC942}") = "service", "srv\srv.vcxproj", "{B28609F4-FFFB-4FCA-BE39-05EFA404BFA9}"
EndProject
Project("{8BC9CEB8-8B4A-11D0-8D11-00A0C91BC942}") = "clientDLL", "client\client.vcxproj", "{07945433-CC9D-441B-9D52-15920B6AE744}"
EndProject
Project("{8BC9CEB8-8B4A-11D0-8D11-00A0C91BC942}") = "Dlltest", "Dlltest\Dlltest.vcxproj", "{2AB4A900-4535-4AA2-95BB-8F11914E952D}"
EndProject
Global
	GlobalSection(SolutionConfigurationPlatforms) = preSolution
		Debug|Win32 = Debug|Win32
		Release|Win32 = Release|Win32
	EndGlobalSection
	GlobalSection(ProjectConfigurationPlatforms) = postSolution
		{B28609F4-FFFB-4FCA-BE39-05EFA404BFA9}.Debug|Win32.ActiveCfg = Debug|Win32
		{B28609F4-FFFB-4FCA-BE39-05EFA404BFA9}.Debug|Win32.Build.0 = Debug|Win32
		{B28609F4-FFFB-4FCA-BE39-05EFA404BFA9}.Release|Win32.ActiveCfg = Release|Win32
		{B28609F4-FFFB-4FCA-BE39-05EFA404BFA9}.Release|Win32.Build.0 = Release|Win32
		{07945433-CC9D-441B-9D52-15920B6AE744}.Debug|Win32.ActiveCfg = Debug|Win32
		{07945433-CC9D-441B-9D52-15920B6AE744}.Debug|Win32.Build.0 = Debug|Win32
		{07945433-CC9D-441B-9D52-15920B6AE744}.Release|Win32.ActiveCfg = Release|Win32
		{07945433-CC9D-441B-9D52-15920B6AE744}.Release|Win32.Build.0 = Release|Win32
		{2AB4A900-4535-4AA2-95BB-8F11914E952D}.Debug|Win32.ActiveCfg = Debug|Win32
		{2AB4A900-4535-4AA2-95BB-8F11914E952D}.Debug|Win32.Build.0 = Debug|Win32
		{2AB4A900-4535-4AA2-95BB-8F11914E952D}.Release|Win32.ActiveCfg = Release|Win32
		{2AB4A900-4535-4AA2-95BB-8F11914E952D}.Release|Win32.Build.0 = Release|Win32
	EndGlobalSection
	GlobalSection(SolutionProperties) = preSolution
		HideSolutionNode = FALSE
	EndGlobalSection
EndGlobal
